<?xml version="1.0" encoding="UTF-8"?>
<Project ToolsVersion="4.0" xmlns="http://schemas.microsoft.com/developer/msbuild/2003">
  <ItemGroup>
    <ClCompile Include="..\..\..\..\g2o\g2o\types\slam2d_addons\types_slam2d_addons.cpp">
      <Filter>Source Files</Filter>
    </ClCompile>
    <ClCompile Include="..\..\..\..\g2o\g2o\types\slam2d_addons\vertex_segment2d.cpp">
      <Filter>Source Files</Filter>
    </ClCompile>
    <ClCompile Include="..\..\..\..\g2o\g2o\types\slam2d_addons\edge_se2_segment2d.cpp">
      <Filter>Source Files</Filter>
    </ClCompile>
    <ClCompile Include="..\..\..\..\g2o\g2o\types\slam2d_addons\edge_se2_segment2d_line.cpp">
      <Filter>Source Files</Filter>
    </ClCompile>
    <ClCompile Include="..\..\..\..\g2o\g2o\types\slam2d_addons\edge_se2_segment2d_pointLine.cpp">
      <Filter>Source Files</Filter>
    </ClCompile>
    <ClCompile Include="..\..\..\..\g2o\g2o\types\slam2d_addons\vertex_line2d.cpp">
      <Filter>Source Files</Filter>
    </ClCompile>
    <ClCompile Include="..\..\..\..\g2o\g2o\types\slam2d_addons\edge_se2_line2d.cpp">
      <Filter>Source Files</Filter>
    </ClCompile>
    <ClCompile Include="..\..\..\..\g2o\g2o\types\slam2d_addons\edge_line2d_pointxy.cpp">
      <Filter>Source Files</Filter>
    </ClCompile>
    <ClCompile Include="..\..\..\..\g2o\g2o\types\slam2d_addons\edge_line2d.cpp">
      <Filter>Source Files</Filter>
    </ClCompile>
  </ItemGroup>
  <ItemGroup>
    <ClInclude Include="..\..\..\..\g2o\g2o\types\slam2d_addons\line_2d.h">
      <Filter>Header Files</Filter>
    </ClInclude>
    <ClInclude Include="..\..\..\..\g2o\g2o\types\slam2d_addons\types_slam2d_addons.h">
      <Filter>Header Files</Filter>
    </ClInclude>
    <ClInclude Include="..\..\..\..\g2o\g2o\types\slam2d_addons\vertex_segment2d.h">
      <Filter>Header Files</Filter>
    </ClInclude>
    <ClInclude Include="..\..\..\..\g2o\g2o\types\slam2d_addons\edge_se2_segment2d.h">
      <Filter>Header Files</Filter>
    </ClInclude>
    <ClInclude Include="..\..\..\..\g2o\g2o\types\slam2d_addons\edge_se2_segment2d_line.h">
      <Filter>Header Files</Filter>
    </ClInclude>
    <ClInclude Include="..\..\..\..\g2o\g2o\types\slam2d_addons\edge_se2_segment2d_pointLine.h">
      <Filter>Header Files</Filter>
    </ClInclude>
    <ClInclude Include="..\..\..\..\g2o\g2o\types\slam2d_addons\vertex_line2d.h">
      <Filter>Header Files</Filter>
    </ClInclude>
    <ClInclude Include="..\..\..\..\g2o\g2o\types\slam2d_addons\edge_se2_line2d.h">
      <Filter>Header Files</Filter>
    </ClInclude>
    <ClInclude Include="..\..\..\..\g2o\g2o\types\slam2d_addons\edge_line2d_pointxy.h">
      <Filter>Header Files</Filter>
    </ClInclude>
    <ClInclude Include="..\..\..\..\g2o\g2o\types\slam2d_addons\edge_line2d.h">
      <Filter>Header Files</Filter>
    </ClInclude>
    <ClInclude Include="..\..\..\..\g2o\g2o\types\slam2d_addons\g2o_types_slam2d_addons_api.h">
      <Filter>Header Files</Filter>
    </ClInclude>
  </ItemGroup>
  <ItemGroup>
    <CustomBuild Include="..\..\..\..\g2o\g2o\types\slam2d_addons\CMakeLists.txt" />
  </ItemGroup>
  <ItemGroup>
    <Filter Include="Source Files">
      <UniqueIdentifier>{A8E46308-EE53-48AD-9C4C-609793D5AE72}</UniqueIdentifier>
    </Filter>
    <Filter Include="Header Files">
      <UniqueIdentifier>{18E365A7-DEA9-4C4C-8DFB-E9861CC83C78}</UniqueIdentifier>
    </Filter>
  </ItemGroup>
</Project>
