<?xml version="1.0" encoding="UTF-8"?>
<Project ToolsVersion="4.0" xmlns="http://schemas.microsoft.com/developer/msbuild/2003">
  <ItemGroup>
    <ClCompile Include="..\..\..\..\g2o\g2o\apps\g2o_simulator\simulator.cpp">
      <Filter>Source Files</Filter>
    </ClCompile>
    <ClCompile Include="..\..\..\..\g2o\g2o\apps\g2o_simulator\pointsensorparameters.cpp">
      <Filter>Source Files</Filter>
    </ClCompile>
    <ClCompile Include="..\..\..\..\g2o\g2o\apps\g2o_simulator\sensor_odometry2d.cpp">
      <Filter>Source Files</Filter>
    </ClCompile>
    <ClCompile Include="..\..\..\..\g2o\g2o\apps\g2o_simulator\sensor_pose2d.cpp">
      <Filter>Source Files</Filter>
    </ClCompile>
    <ClCompile Include="..\..\..\..\g2o\g2o\apps\g2o_simulator\sensor_pointxy.cpp">
      <Filter>Source Files</Filter>
    </ClCompile>
    <ClCompile Include="..\..\..\..\g2o\g2o\apps\g2o_simulator\sensor_pointxy_bearing.cpp">
      <Filter>Source Files</Filter>
    </ClCompile>
    <ClCompile Include="..\..\..\..\g2o\g2o\apps\g2o_simulator\sensor_pointxy_offset.cpp">
      <Filter>Source Files</Filter>
    </ClCompile>
    <ClCompile Include="..\..\..\..\g2o\g2o\apps\g2o_simulator\simutils.cpp">
      <Filter>Source Files</Filter>
    </ClCompile>
    <ClCompile Include="..\..\..\..\g2o\g2o\apps\g2o_simulator\sensor_segment2d.cpp">
      <Filter>Source Files</Filter>
    </ClCompile>
    <ClCompile Include="..\..\..\..\g2o\g2o\apps\g2o_simulator\sensor_segment2d_line.cpp">
      <Filter>Source Files</Filter>
    </ClCompile>
    <ClCompile Include="..\..\..\..\g2o\g2o\apps\g2o_simulator\sensor_segment2d_pointline.cpp">
      <Filter>Source Files</Filter>
    </ClCompile>
    <ClCompile Include="..\..\..\..\g2o\g2o\apps\g2o_simulator\sensor_odometry3d.cpp">
      <Filter>Source Files</Filter>
    </ClCompile>
    <ClCompile Include="..\..\..\..\g2o\g2o\apps\g2o_simulator\sensor_pose3d.cpp">
      <Filter>Source Files</Filter>
    </ClCompile>
    <ClCompile Include="..\..\..\..\g2o\g2o\apps\g2o_simulator\sensor_pose3d_offset.cpp">
      <Filter>Source Files</Filter>
    </ClCompile>
    <ClCompile Include="..\..\..\..\g2o\g2o\apps\g2o_simulator\sensor_pointxyz.cpp">
      <Filter>Source Files</Filter>
    </ClCompile>
    <ClCompile Include="..\..\..\..\g2o\g2o\apps\g2o_simulator\sensor_pointxyz_disparity.cpp">
      <Filter>Source Files</Filter>
    </ClCompile>
    <ClCompile Include="..\..\..\..\g2o\g2o\apps\g2o_simulator\sensor_pointxyz_depth.cpp">
      <Filter>Source Files</Filter>
    </ClCompile>
    <ClCompile Include="..\..\..\..\g2o\g2o\apps\g2o_simulator\sensor_se3_prior.cpp">
      <Filter>Source Files</Filter>
    </ClCompile>
  </ItemGroup>
  <ItemGroup>
    <ClInclude Include="..\..\..\..\g2o\g2o\apps\g2o_simulator\simulator.h">
      <Filter>Header Files</Filter>
    </ClInclude>
    <ClInclude Include="..\..\..\..\g2o\g2o\apps\g2o_simulator\pointsensorparameters.h">
      <Filter>Header Files</Filter>
    </ClInclude>
    <ClInclude Include="..\..\..\..\g2o\g2o\apps\g2o_simulator\simulator2d_base.h">
      <Filter>Header Files</Filter>
    </ClInclude>
    <ClInclude Include="..\..\..\..\g2o\g2o\apps\g2o_simulator\simulator2d.h">
      <Filter>Header Files</Filter>
    </ClInclude>
    <ClInclude Include="..\..\..\..\g2o\g2o\apps\g2o_simulator\sensor_odometry2d.h">
      <Filter>Header Files</Filter>
    </ClInclude>
    <ClInclude Include="..\..\..\..\g2o\g2o\apps\g2o_simulator\sensor_pose2d.h">
      <Filter>Header Files</Filter>
    </ClInclude>
    <ClInclude Include="..\..\..\..\g2o\g2o\apps\g2o_simulator\sensor_pointxy.h">
      <Filter>Header Files</Filter>
    </ClInclude>
    <ClInclude Include="..\..\..\..\g2o\g2o\apps\g2o_simulator\sensor_pointxy_bearing.h">
      <Filter>Header Files</Filter>
    </ClInclude>
    <ClInclude Include="..\..\..\..\g2o\g2o\apps\g2o_simulator\sensor_pointxy_offset.h">
      <Filter>Header Files</Filter>
    </ClInclude>
    <ClInclude Include="..\..\..\..\g2o\g2o\apps\g2o_simulator\simutils.h">
      <Filter>Header Files</Filter>
    </ClInclude>
    <ClInclude Include="..\..\..\..\g2o\g2o\apps\g2o_simulator\sensor_segment2d.h">
      <Filter>Header Files</Filter>
    </ClInclude>
    <ClInclude Include="..\..\..\..\g2o\g2o\apps\g2o_simulator\sensor_segment2d_line.h">
      <Filter>Header Files</Filter>
    </ClInclude>
    <ClInclude Include="..\..\..\..\g2o\g2o\apps\g2o_simulator\sensor_segment2d_pointline.h">
      <Filter>Header Files</Filter>
    </ClInclude>
    <ClInclude Include="..\..\..\..\g2o\g2o\apps\g2o_simulator\simulator3d_base.h">
      <Filter>Header Files</Filter>
    </ClInclude>
    <ClInclude Include="..\..\..\..\g2o\g2o\apps\g2o_simulator\simulator3d.h">
      <Filter>Header Files</Filter>
    </ClInclude>
    <ClInclude Include="..\..\..\..\g2o\g2o\apps\g2o_simulator\sensor_odometry3d.h">
      <Filter>Header Files</Filter>
    </ClInclude>
    <ClInclude Include="..\..\..\..\g2o\g2o\apps\g2o_simulator\sensor_pose3d.h">
      <Filter>Header Files</Filter>
    </ClInclude>
    <ClInclude Include="..\..\..\..\g2o\g2o\apps\g2o_simulator\sensor_pose3d_offset.h">
      <Filter>Header Files</Filter>
    </ClInclude>
    <ClInclude Include="..\..\..\..\g2o\g2o\apps\g2o_simulator\sensor_pointxyz.h">
      <Filter>Header Files</Filter>
    </ClInclude>
    <ClInclude Include="..\..\..\..\g2o\g2o\apps\g2o_simulator\sensor_pointxyz_disparity.h">
      <Filter>Header Files</Filter>
    </ClInclude>
    <ClInclude Include="..\..\..\..\g2o\g2o\apps\g2o_simulator\sensor_pointxyz_depth.h">
      <Filter>Header Files</Filter>
    </ClInclude>
    <ClInclude Include="..\..\..\..\g2o\g2o\apps\g2o_simulator\sensor_se3_prior.h">
      <Filter>Header Files</Filter>
    </ClInclude>
    <ClInclude Include="..\..\..\..\g2o\g2o\apps\g2o_simulator\g2o_simulator_api.h">
      <Filter>Header Files</Filter>
    </ClInclude>
  </ItemGroup>
  <ItemGroup>
    <CustomBuild Include="..\..\..\..\g2o\g2o\apps\g2o_simulator\CMakeLists.txt" />
  </ItemGroup>
  <ItemGroup>
    <Filter Include="Source Files">
      <UniqueIdentifier>{A8E46308-EE53-48AD-9C4C-609793D5AE72}</UniqueIdentifier>
    </Filter>
    <Filter Include="Header Files">
      <UniqueIdentifier>{18E365A7-DEA9-4C4C-8DFB-E9861CC83C78}</UniqueIdentifier>
    </Filter>
  </ItemGroup>
</Project>
